schema_version: 1
cvdp:
  repository: nvidia/cvdp-benchmark-dataset
  revision: 5b807d945f6a99aa645f7e43a64a2115e281b4bf
  file: cvdp_v1.1.0_nonagentic_code_generation_no_commercial.jsonl
  file_sha256: cbcd81295561ebb16e4d857e096f4d9908d042c33aff3b58abf236e868411857
  items:
    T01:
      id: cvdp_copilot_8x3_priority_encoder_0001
      categories: [cid003, easy]
      prompt_sha256: 7d08613f35bfd1909f3378dfe699ad299847557f7bbd3a4f8791ab25572f0cec
    T02:
      id: cvdp_copilot_serial_in_parallel_out_0004
      categories: [cid003, easy]
      prompt_sha256: f1fbe4e1a70f04d1b0917004195fca88d7c07324c3af163700d772e5396091f9
riscv:
  arch_test_repository: riscv/riscv-arch-test
  arch_test_branch: act4
  arch_test_revision: 4a42cbd3756259bbc1f92a7d816bc2fd2bd551cb
  sail_repository: riscv/sail-riscv
  sail_tag: 0.14.1
  sail_revision: e4b243f4eb5d1ed05bbbc030ad338c2a32c45d72
  isa_manual_repository: riscv/riscv-isa-manual
  isa_manual_revision: 3496d46d01d783f1cc9b4a2a8b45004a97cbac94
  act4_generated_elf_manifest: evaluator/act4_elfs/MANIFEST.json
  sail_linux_x86_64_release_sha256: de45a89748ca67a8a522b3ac0924c303b5609a16bb50d759bbd08c4d440df0eb
  gcc_toolchain_release: riscv-collab/riscv-gnu-toolchain/2026.07.15/riscv32-elf-ubuntu-22.04-gcc.tar.xz
  gcc_toolchain_release_sha256: ae36abbec394b29643154c1b4a1322e829937d04e82f41b47f9c27d3bd68e543
  uv_release: astral-sh/uv/0.11.33/uv-x86_64-unknown-linux-gnu.tar.gz
  uv_release_sha256: aa9fca823c03289fb6e3460b3dc864f3ea895cafaf9b99247701a67b17d1b018
ppa:
  flow_repository: The-OpenROAD-Project/OpenROAD-flow-scripts
  flow_revision: 1ec57da7bf0f1491190cbea2673c2c01fb3bc3ae
  platform: asap7
  platform_path: flow/platforms/asap7
  vendored_platform_path: vendor/asap7
  vendored_platform_hashes: vendor/asap7/SHA256SUMS
  flow: yosys_openroad_routed
  asap7_library_model_candidate: NLDM
  asap7_vt_candidate: RVT
  finalized_parameter_set_status: pending_calibration
  reference_values_status: pending_calibration
t10_formats:
  ofp8: https://www.opencompute.org/documents/ocp-8-bit-floating-point-specification-ofp8-revision-1-0-2023-06-20-pdf
  mx: https://www.opencompute.org/documents/ocp-microscaling-formats-mx-v1-0-spec-final-pdf
  ofp8_revision: "1.0"
  mx_revision: "1.0"
  benchmark_numeric_contract: benchmark/tasks.md#t10--每拍双-1024-bit-输入的多精度脉动阵列矩阵乘法
